
Microsoft Visual Studio Solution File, Format Version 12.00
# Visual Studio Version 17
VisualStudioVersion = 17.8.34309.116
MinimumVisualStudioVersion = 10.0.40219.1
Project("{9A19103F-16F7-4668-BE54-9A1E7A4F7556}") = "Sinfonia", "Sinfonia\Sinfonia.csproj", "{70D12AFC-2C5B-409D-AFB4-CF2182482ADF}"
EndProject
Project("{9A19103F-16F7-4668-BE54-9A1E7A4F7556}") = "Sinfonia.API", "Sinfonia.API\Sinfonia.API.csproj", "{EF5377AD-AE0E-4244-B5F6-6A8757ADD96A}"
EndProject
Project("{9A19103F-16F7-4668-BE54-9A1E7A4F7556}") = "Sinfonia.Native", "Sinfonia.Native\Sinfonia.Native.csproj", "{C8E089E4-0733-4BE6-A875-F4DAE72298DD}"
EndProject
Project("{9A19103F-16F7-4668-BE54-9A1E7A4F7556}") = "Sinfonia.Native.Commands", "Sinfonia.Native.Commands\Sinfonia.Native.Commands.csproj", "{814D374B-2128-48EA-89DA-670492D8C439}"
EndProject
Project("{9A19103F-16F7-4668-BE54-9A1E7A4F7556}") = "Sinfonia.Desktop", "Sinfonia.Desktop\Sinfonia.Desktop.csproj", "{2BB3C077-8DF0-4097-ADCB-8B55BB60156A}"
EndProject
Project("{9A19103F-16F7-4668-BE54-9A1E7A4F7556}") = "Sinfonia.Tests", "Sinfonia.Tests\Sinfonia.Tests.csproj", "{CEA55705-AAC4-4B91-AEC5-DFD860EF71F6}"
EndProject
Global
	GlobalSection(SolutionConfigurationPlatforms) = preSolution
		Debug|Any CPU = Debug|Any CPU
		Debug|ARM64 = Debug|ARM64
		Debug|x64 = Debug|x64
		Debug|x86 = Debug|x86
		Release|Any CPU = Release|Any CPU
		Release|ARM64 = Release|ARM64
		Release|x64 = Release|x64
		Release|x86 = Release|x86
	EndGlobalSection
	GlobalSection(ProjectConfigurationPlatforms) = postSolution
		{70D12AFC-2C5B-409D-AFB4-CF2182482ADF}.Debug|Any CPU.ActiveCfg = Debug|Any CPU
		{70D12AFC-2C5B-409D-AFB4-CF2182482ADF}.Debug|Any CPU.Build.0 = Debug|Any CPU
		{70D12AFC-2C5B-409D-AFB4-CF2182482ADF}.Debug|ARM64.ActiveCfg = Debug|Any CPU
		{70D12AFC-2C5B-409D-AFB4-CF2182482ADF}.Debug|ARM64.Build.0 = Debug|Any CPU
		{70D12AFC-2C5B-409D-AFB4-CF2182482ADF}.Debug|x64.ActiveCfg = Debug|Any CPU
		{70D12AFC-2C5B-409D-AFB4-CF2182482ADF}.Debug|x64.Build.0 = Debug|Any CPU
		{70D12AFC-2C5B-409D-AFB4-CF2182482ADF}.Debug|x86.ActiveCfg = Debug|Any CPU
		{70D12AFC-2C5B-409D-AFB4-CF2182482ADF}.Debug|x86.Build.0 = Debug|Any CPU
		{70D12AFC-2C5B-409D-AFB4-CF2182482ADF}.Release|Any CPU.ActiveCfg = Release|Any CPU
		{70D12AFC-2C5B-409D-AFB4-CF2182482ADF}.Release|Any CPU.Build.0 = Release|Any CPU
		{70D12AFC-2C5B-409D-AFB4-CF2182482ADF}.Release|ARM64.ActiveCfg = Release|Any CPU
		{70D12AFC-2C5B-409D-AFB4-CF2182482ADF}.Release|ARM64.Build.0 = Release|Any CPU
		{70D12AFC-2C5B-409D-AFB4-CF2182482ADF}.Release|x64.ActiveCfg = Release|Any CPU
		{70D12AFC-2C5B-409D-AFB4-CF2182482ADF}.Release|x64.Build.0 = Release|Any CPU
		{70D12AFC-2C5B-409D-AFB4-CF2182482ADF}.Release|x86.ActiveCfg = Release|Any CPU
		{70D12AFC-2C5B-409D-AFB4-CF2182482ADF}.Release|x86.Build.0 = Release|Any CPU
		{EF5377AD-AE0E-4244-B5F6-6A8757ADD96A}.Debug|Any CPU.ActiveCfg = Debug|Any CPU
		{EF5377AD-AE0E-4244-B5F6-6A8757ADD96A}.Debug|Any CPU.Build.0 = Debug|Any CPU
		{EF5377AD-AE0E-4244-B5F6-6A8757ADD96A}.Debug|ARM64.ActiveCfg = Debug|Any CPU
		{EF5377AD-AE0E-4244-B5F6-6A8757ADD96A}.Debug|ARM64.Build.0 = Debug|Any CPU
		{EF5377AD-AE0E-4244-B5F6-6A8757ADD96A}.Debug|x64.ActiveCfg = Debug|Any CPU
		{EF5377AD-AE0E-4244-B5F6-6A8757ADD96A}.Debug|x64.Build.0 = Debug|Any CPU
		{EF5377AD-AE0E-4244-B5F6-6A8757ADD96A}.Debug|x86.ActiveCfg = Debug|Any CPU
		{EF5377AD-AE0E-4244-B5F6-6A8757ADD96A}.Debug|x86.Build.0 = Debug|Any CPU
		{EF5377AD-AE0E-4244-B5F6-6A8757ADD96A}.Release|Any CPU.ActiveCfg = Release|Any CPU
		{EF5377AD-AE0E-4244-B5F6-6A8757ADD96A}.Release|Any CPU.Build.0 = Release|Any CPU
		{EF5377AD-AE0E-4244-B5F6-6A8757ADD96A}.Release|ARM64.ActiveCfg = Release|Any CPU
		{EF5377AD-AE0E-4244-B5F6-6A8757ADD96A}.Release|ARM64.Build.0 = Release|Any CPU
		{EF5377AD-AE0E-4244-B5F6-6A8757ADD96A}.Release|x64.ActiveCfg = Release|Any CPU
		{EF5377AD-AE0E-4244-B5F6-6A8757ADD96A}.Release|x64.Build.0 = Release|Any CPU
		{EF5377AD-AE0E-4244-B5F6-6A8757ADD96A}.Release|x86.ActiveCfg = Release|Any CPU
		{EF5377AD-AE0E-4244-B5F6-6A8757ADD96A}.Release|x86.Build.0 = Release|Any CPU
		{C8E089E4-0733-4BE6-A875-F4DAE72298DD}.Debug|Any CPU.ActiveCfg = Debug|Any CPU
		{C8E089E4-0733-4BE6-A875-F4DAE72298DD}.Debug|Any CPU.Build.0 = Debug|Any CPU
		{C8E089E4-0733-4BE6-A875-F4DAE72298DD}.Debug|ARM64.ActiveCfg = Debug|Any CPU
		{C8E089E4-0733-4BE6-A875-F4DAE72298DD}.Debug|ARM64.Build.0 = Debug|Any CPU
		{C8E089E4-0733-4BE6-A875-F4DAE72298DD}.Debug|x64.ActiveCfg = Debug|Any CPU
		{C8E089E4-0733-4BE6-A875-F4DAE72298DD}.Debug|x64.Build.0 = Debug|Any CPU
		{C8E089E4-0733-4BE6-A875-F4DAE72298DD}.Debug|x86.ActiveCfg = Debug|Any CPU
		{C8E089E4-0733-4BE6-A875-F4DAE72298DD}.Debug|x86.Build.0 = Debug|Any CPU
		{C8E089E4-0733-4BE6-A875-F4DAE72298DD}.Release|Any CPU.ActiveCfg = Release|Any CPU
		{C8E089E4-0733-4BE6-A875-F4DAE72298DD}.Release|Any CPU.Build.0 = Release|Any CPU
		{C8E089E4-0733-4BE6-A875-F4DAE72298DD}.Release|ARM64.ActiveCfg = Release|Any CPU
		{C8E089E4-0733-4BE6-A875-F4DAE72298DD}.Release|ARM64.Build.0 = Release|Any CPU
		{C8E089E4-0733-4BE6-A875-F4DAE72298DD}.Release|x64.ActiveCfg = Release|Any CPU
		{C8E089E4-0733-4BE6-A875-F4DAE72298DD}.Release|x64.Build.0 = Release|Any CPU
		{C8E089E4-0733-4BE6-A875-F4DAE72298DD}.Release|x86.ActiveCfg = Release|Any CPU
		{C8E089E4-0733-4BE6-A875-F4DAE72298DD}.Release|x86.Build.0 = Release|Any CPU
		{814D374B-2128-48EA-89DA-670492D8C439}.Debug|Any CPU.ActiveCfg = Debug|Any CPU
		{814D374B-2128-48EA-89DA-670492D8C439}.Debug|Any CPU.Build.0 = Debug|Any CPU
		{814D374B-2128-48EA-89DA-670492D8C439}.Debug|ARM64.ActiveCfg = Debug|Any CPU
		{814D374B-2128-48EA-89DA-670492D8C439}.Debug|ARM64.Build.0 = Debug|Any CPU
		{814D374B-2128-48EA-89DA-670492D8C439}.Debug|x64.ActiveCfg = Debug|Any CPU
		{814D374B-2128-48EA-89DA-670492D8C439}.Debug|x64.Build.0 = Debug|Any CPU
		{814D374B-2128-48EA-89DA-670492D8C439}.Debug|x86.ActiveCfg = Debug|Any CPU
		{814D374B-2128-48EA-89DA-670492D8C439}.Debug|x86.Build.0 = Debug|Any CPU
		{814D374B-2128-48EA-89DA-670492D8C439}.Release|Any CPU.ActiveCfg = Release|Any CPU
		{814D374B-2128-48EA-89DA-670492D8C439}.Release|Any CPU.Build.0 = Release|Any CPU
		{814D374B-2128-48EA-89DA-670492D8C439}.Release|ARM64.ActiveCfg = Release|Any CPU
		{814D374B-2128-48EA-89DA-670492D8C439}.Release|ARM64.Build.0 = Release|Any CPU
		{814D374B-2128-48EA-89DA-670492D8C439}.Release|x64.ActiveCfg = Release|Any CPU
		{814D374B-2128-48EA-89DA-670492D8C439}.Release|x64.Build.0 = Release|Any CPU
		{814D374B-2128-48EA-89DA-670492D8C439}.Release|x86.ActiveCfg = Release|Any CPU
		{814D374B-2128-48EA-89DA-670492D8C439}.Release|x86.Build.0 = Release|Any CPU
		{2BB3C077-8DF0-4097-ADCB-8B55BB60156A}.Debug|Any CPU.ActiveCfg = Debug|Any CPU
		{2BB3C077-8DF0-4097-ADCB-8B55BB60156A}.Debug|Any CPU.Build.0 = Debug|Any CPU
		{2BB3C077-8DF0-4097-ADCB-8B55BB60156A}.Debug|ARM64.ActiveCfg = Debug|Any CPU
		{2BB3C077-8DF0-4097-ADCB-8B55BB60156A}.Debug|ARM64.Build.0 = Debug|Any CPU
		{2BB3C077-8DF0-4097-ADCB-8B55BB60156A}.Debug|x64.ActiveCfg = Debug|Any CPU
		{2BB3C077-8DF0-4097-ADCB-8B55BB60156A}.Debug|x64.Build.0 = Debug|Any CPU
		{2BB3C077-8DF0-4097-ADCB-8B55BB60156A}.Debug|x86.ActiveCfg = Debug|Any CPU
		{2BB3C077-8DF0-4097-ADCB-8B55BB60156A}.Debug|x86.Build.0 = Debug|Any CPU
		{2BB3C077-8DF0-4097-ADCB-8B55BB60156A}.Release|Any CPU.ActiveCfg = Release|Any CPU
		{2BB3C077-8DF0-4097-ADCB-8B55BB60156A}.Release|Any CPU.Build.0 = Release|Any CPU
		{2BB3C077-8DF0-4097-ADCB-8B55BB60156A}.Release|ARM64.ActiveCfg = Release|Any CPU
		{2BB3C077-8DF0-4097-ADCB-8B55BB60156A}.Release|ARM64.Build.0 = Release|Any CPU
		{2BB3C077-8DF0-4097-ADCB-8B55BB60156A}.Release|x64.ActiveCfg = Release|Any CPU
		{2BB3C077-8DF0-4097-ADCB-8B55BB60156A}.Release|x64.Build.0 = Release|Any CPU
		{2BB3C077-8DF0-4097-ADCB-8B55BB60156A}.Release|x86.ActiveCfg = Release|Any CPU
		{2BB3C077-8DF0-4097-ADCB-8B55BB60156A}.Release|x86.Build.0 = Release|Any CPU
		{CEA55705-AAC4-4B91-AEC5-DFD860EF71F6}.Debug|Any CPU.ActiveCfg = Debug|Any CPU
		{CEA55705-AAC4-4B91-AEC5-DFD860EF71F6}.Debug|Any CPU.Build.0 = Debug|Any CPU
		{CEA55705-AAC4-4B91-AEC5-DFD860EF71F6}.Debug|ARM64.ActiveCfg = Debug|Any CPU
		{CEA55705-AAC4-4B91-AEC5-DFD860EF71F6}.Debug|ARM64.Build.0 = Debug|Any CPU
		{CEA55705-AAC4-4B91-AEC5-DFD860EF71F6}.Debug|x64.ActiveCfg = Debug|Any CPU
		{CEA55705-AAC4-4B91-AEC5-DFD860EF71F6}.Debug|x64.Build.0 = Debug|Any CPU
		{CEA55705-AAC4-4B91-AEC5-DFD860EF71F6}.Debug|x86.ActiveCfg = Debug|Any CPU
		{CEA55705-AAC4-4B91-AEC5-DFD860EF71F6}.Debug|x86.Build.0 = Debug|Any CPU
		{CEA55705-AAC4-4B91-AEC5-DFD860EF71F6}.Release|Any CPU.ActiveCfg = Release|Any CPU
		{CEA55705-AAC4-4B91-AEC5-DFD860EF71F6}.Release|Any CPU.Build.0 = Release|Any CPU
		{CEA55705-AAC4-4B91-AEC5-DFD860EF71F6}.Release|ARM64.ActiveCfg = Release|Any CPU
		{CEA55705-AAC4-4B91-AEC5-DFD860EF71F6}.Release|ARM64.Build.0 = Release|Any CPU
		{CEA55705-AAC4-4B91-AEC5-DFD860EF71F6}.Release|x64.ActiveCfg = Release|Any CPU
		{CEA55705-AAC4-4B91-AEC5-DFD860EF71F6}.Release|x64.Build.0 = Release|Any CPU
		{CEA55705-AAC4-4B91-AEC5-DFD860EF71F6}.Release|x86.ActiveCfg = Release|Any CPU
		{CEA55705-AAC4-4B91-AEC5-DFD860EF71F6}.Release|x86.Build.0 = Release|Any CPU
	EndGlobalSection
	GlobalSection(SolutionProperties) = preSolution
		HideSolutionNode = FALSE
	EndGlobalSection
	GlobalSection(ExtensibilityGlobals) = postSolution
		SolutionGuid = {53CAA364-AACB-4DA7-A610-6DE5BC44E6A7}
	EndGlobalSection
EndGlobal
