
Microsoft Visual Studio Solution File, Format Version 12.00
# Visual Studio Version 17
VisualStudioVersion = 17.8.34309.116
MinimumVisualStudioVersion = 10.0.40219.1
Project("{9A19103F-16F7-4668-BE54-9A1E7A4F7556}") = "Sinfonia", "Sinfonia\Sinfonia.csproj", "{70D12AFC-2C5B-409D-AFB4-CF2182482ADF}"
EndProject
Project("{9A19103F-16F7-4668-BE54-9A1E7A4F7556}") = "Sinfonia.API", "Sinfonia.API\Sinfonia.API.csproj", "{EF5377AD-AE0E-4244-B5F6-6A8757ADD96A}"
EndProject
Project("{9A19103F-16F7-4668-BE54-9A1E7A4F7556}") = "Sinfonia.Native", "Sinfonia.Native\Sinfonia.Native.csproj", "{C8E089E4-0733-4BE6-A875-F4DAE72298DD}"
EndProject
Project("{9A19103F-16F7-4668-BE54-9A1E7A4F7556}") = "Sinfonia.Native.Commands", "Sinfonia.Native.Commands\Sinfonia.Native.Commands.csproj", "{814D374B-2128-48EA-89DA-670492D8C439}"
EndProject
Project("{9A19103F-16F7-4668-BE54-9A1E7A4F7556}") = "Sinfonia.Tests", "Sinfonia.Tests\Sinfonia.Tests.csproj", "{C367C2F9-9DBC-48A8-B9AB-7B1CAEEE056C}"
EndProject
Project("{9A19103F-16F7-4668-BE54-9A1E7A4F7556}") = "StudioLaValse.ScoreDocument.Core", "..\StudioLaValse.ScoreDocument\StudioLaValse.ScoreDocument.Core\StudioLaValse.ScoreDocument.Core.csproj", "{0D287C92-7DB0-4257-B491-0FC04F51CBD3}"
EndProject
Project("{9A19103F-16F7-4668-BE54-9A1E7A4F7556}") = "StudioLaValse.ScoreDocument", "..\StudioLaValse.ScoreDocument\StudioLaValse.ScoreDocument\StudioLaValse.ScoreDocument.csproj", "{D5DC8F27-FA52-4B7A-9114-A2AAEB297A84}"
EndProject
Project("{9A19103F-16F7-4668-BE54-9A1E7A4F7556}") = "StudioLaValse.ScoreDocument.Builder", "..\StudioLaValse.ScoreDocument\StudioLaValse.ScoreDocument.Builder\StudioLaValse.ScoreDocument.Builder.csproj", "{DE2FD651-2CC7-4C9F-A94C-E93528C4473E}"
EndProject
Project("{9A19103F-16F7-4668-BE54-9A1E7A4F7556}") = "StudioLaValse.ScoreDocument.Layout", "..\StudioLaValse.ScoreDocument\StudioLaValse.ScoreDocument.Layout\StudioLaValse.ScoreDocument.Layout.csproj", "{647B855E-90AA-4719-84BB-CCE557801724}"
EndProject
Project("{9A19103F-16F7-4668-BE54-9A1E7A4F7556}") = "StudioLaValse.ScoreDocument.MusicXml", "..\StudioLaValse.ScoreDocument\StudioLaValse.ScoreDocument.MusicXml\StudioLaValse.ScoreDocument.MusicXml.csproj", "{5008A874-8817-4DBC-BE22-5F726112BAF0}"
EndProject
Project("{9A19103F-16F7-4668-BE54-9A1E7A4F7556}") = "StudioLaValse.ScoreDocument.Drawable", "..\StudioLaValse.ScoreDocument\StudioLaValse.ScoreDocument.Drawable\StudioLaValse.ScoreDocument.Drawable.csproj", "{37F223D0-31AF-4DE2-A1E9-B883703C15DB}"
EndProject
Global
	GlobalSection(SolutionConfigurationPlatforms) = preSolution
		Debug|Any CPU = Debug|Any CPU
		Release|Any CPU = Release|Any CPU
	EndGlobalSection
	GlobalSection(ProjectConfigurationPlatforms) = postSolution
		{70D12AFC-2C5B-409D-AFB4-CF2182482ADF}.Debug|Any CPU.ActiveCfg = Debug|Any CPU
		{70D12AFC-2C5B-409D-AFB4-CF2182482ADF}.Debug|Any CPU.Build.0 = Debug|Any CPU
		{70D12AFC-2C5B-409D-AFB4-CF2182482ADF}.Release|Any CPU.ActiveCfg = Release|Any CPU
		{70D12AFC-2C5B-409D-AFB4-CF2182482ADF}.Release|Any CPU.Build.0 = Release|Any CPU
		{EF5377AD-AE0E-4244-B5F6-6A8757ADD96A}.Debug|Any CPU.ActiveCfg = Debug|Any CPU
		{EF5377AD-AE0E-4244-B5F6-6A8757ADD96A}.Debug|Any CPU.Build.0 = Debug|Any CPU
		{EF5377AD-AE0E-4244-B5F6-6A8757ADD96A}.Release|Any CPU.ActiveCfg = Release|Any CPU
		{EF5377AD-AE0E-4244-B5F6-6A8757ADD96A}.Release|Any CPU.Build.0 = Release|Any CPU
		{C8E089E4-0733-4BE6-A875-F4DAE72298DD}.Debug|Any CPU.ActiveCfg = Debug|Any CPU
		{C8E089E4-0733-4BE6-A875-F4DAE72298DD}.Debug|Any CPU.Build.0 = Debug|Any CPU
		{C8E089E4-0733-4BE6-A875-F4DAE72298DD}.Release|Any CPU.ActiveCfg = Release|Any CPU
		{C8E089E4-0733-4BE6-A875-F4DAE72298DD}.Release|Any CPU.Build.0 = Release|Any CPU
		{814D374B-2128-48EA-89DA-670492D8C439}.Debug|Any CPU.ActiveCfg = Debug|Any CPU
		{814D374B-2128-48EA-89DA-670492D8C439}.Debug|Any CPU.Build.0 = Debug|Any CPU
		{814D374B-2128-48EA-89DA-670492D8C439}.Release|Any CPU.ActiveCfg = Release|Any CPU
		{814D374B-2128-48EA-89DA-670492D8C439}.Release|Any CPU.Build.0 = Release|Any CPU
		{C367C2F9-9DBC-48A8-B9AB-7B1CAEEE056C}.Debug|Any CPU.ActiveCfg = Debug|Any CPU
		{C367C2F9-9DBC-48A8-B9AB-7B1CAEEE056C}.Debug|Any CPU.Build.0 = Debug|Any CPU
		{C367C2F9-9DBC-48A8-B9AB-7B1CAEEE056C}.Release|Any CPU.ActiveCfg = Release|Any CPU
		{C367C2F9-9DBC-48A8-B9AB-7B1CAEEE056C}.Release|Any CPU.Build.0 = Release|Any CPU
		{0D287C92-7DB0-4257-B491-0FC04F51CBD3}.Debug|Any CPU.ActiveCfg = Debug|Any CPU
		{0D287C92-7DB0-4257-B491-0FC04F51CBD3}.Debug|Any CPU.Build.0 = Debug|Any CPU
		{0D287C92-7DB0-4257-B491-0FC04F51CBD3}.Release|Any CPU.ActiveCfg = Release|Any CPU
		{0D287C92-7DB0-4257-B491-0FC04F51CBD3}.Release|Any CPU.Build.0 = Release|Any CPU
		{D5DC8F27-FA52-4B7A-9114-A2AAEB297A84}.Debug|Any CPU.ActiveCfg = Debug|Any CPU
		{D5DC8F27-FA52-4B7A-9114-A2AAEB297A84}.Debug|Any CPU.Build.0 = Debug|Any CPU
		{D5DC8F27-FA52-4B7A-9114-A2AAEB297A84}.Release|Any CPU.ActiveCfg = Release|Any CPU
		{D5DC8F27-FA52-4B7A-9114-A2AAEB297A84}.Release|Any CPU.Build.0 = Release|Any CPU
		{DE2FD651-2CC7-4C9F-A94C-E93528C4473E}.Debug|Any CPU.ActiveCfg = Debug|Any CPU
		{DE2FD651-2CC7-4C9F-A94C-E93528C4473E}.Debug|Any CPU.Build.0 = Debug|Any CPU
		{DE2FD651-2CC7-4C9F-A94C-E93528C4473E}.Release|Any CPU.ActiveCfg = Release|Any CPU
		{DE2FD651-2CC7-4C9F-A94C-E93528C4473E}.Release|Any CPU.Build.0 = Release|Any CPU
		{647B855E-90AA-4719-84BB-CCE557801724}.Debug|Any CPU.ActiveCfg = Debug|Any CPU
		{647B855E-90AA-4719-84BB-CCE557801724}.Debug|Any CPU.Build.0 = Debug|Any CPU
		{647B855E-90AA-4719-84BB-CCE557801724}.Release|Any CPU.ActiveCfg = Release|Any CPU
		{647B855E-90AA-4719-84BB-CCE557801724}.Release|Any CPU.Build.0 = Release|Any CPU
		{5008A874-8817-4DBC-BE22-5F726112BAF0}.Debug|Any CPU.ActiveCfg = Debug|Any CPU
		{5008A874-8817-4DBC-BE22-5F726112BAF0}.Debug|Any CPU.Build.0 = Debug|Any CPU
		{5008A874-8817-4DBC-BE22-5F726112BAF0}.Release|Any CPU.ActiveCfg = Release|Any CPU
		{5008A874-8817-4DBC-BE22-5F726112BAF0}.Release|Any CPU.Build.0 = Release|Any CPU
		{37F223D0-31AF-4DE2-A1E9-B883703C15DB}.Debug|Any CPU.ActiveCfg = Debug|Any CPU
		{37F223D0-31AF-4DE2-A1E9-B883703C15DB}.Debug|Any CPU.Build.0 = Debug|Any CPU
		{37F223D0-31AF-4DE2-A1E9-B883703C15DB}.Release|Any CPU.ActiveCfg = Release|Any CPU
		{37F223D0-31AF-4DE2-A1E9-B883703C15DB}.Release|Any CPU.Build.0 = Release|Any CPU
	EndGlobalSection
	GlobalSection(SolutionProperties) = preSolution
		HideSolutionNode = FALSE
	EndGlobalSection
	GlobalSection(ExtensibilityGlobals) = postSolution
		SolutionGuid = {53CAA364-AACB-4DA7-A610-6DE5BC44E6A7}
	EndGlobalSection
EndGlobal
