
Microsoft Visual Studio Solution File, Format Version 12.00
# Visual Studio Version 17
VisualStudioVersion = 17.8.34309.116
MinimumVisualStudioVersion = 10.0.40219.1
Project("{9A19103F-16F7-4668-BE54-9A1E7A4F7556}") = "Sinfonia", "Sinfonia\Sinfonia.csproj", "{70D12AFC-2C5B-409D-AFB4-CF2182482ADF}"
EndProject
Project("{9A19103F-16F7-4668-BE54-9A1E7A4F7556}") = "Sinfonia.API", "Sinfonia.API\Sinfonia.API.csproj", "{EF5377AD-AE0E-4244-B5F6-6A8757ADD96A}"
EndProject
Project("{9A19103F-16F7-4668-BE54-9A1E7A4F7556}") = "Sinfonia.Native", "Sinfonia.Native\Sinfonia.Native.csproj", "{C8E089E4-0733-4BE6-A875-F4DAE72298DD}"
EndProject
Project("{9A19103F-16F7-4668-BE54-9A1E7A4F7556}") = "Sinfonia.Native.Commands", "Sinfonia.Native.Commands\Sinfonia.Native.Commands.csproj", "{814D374B-2128-48EA-89DA-670492D8C439}"
EndProject
Project("{9A19103F-16F7-4668-BE54-9A1E7A4F7556}") = "StudioLaValse.ScoreDocument.Core", "..\StudioLaValse.ScoreDocument\StudioLaValse.ScoreDocument.Core\StudioLaValse.ScoreDocument.Core.csproj", "{0D287C92-7DB0-4257-B491-0FC04F51CBD3}"
EndProject
Project("{9A19103F-16F7-4668-BE54-9A1E7A4F7556}") = "StudioLaValse.ScoreDocument", "..\StudioLaValse.ScoreDocument\StudioLaValse.ScoreDocument\StudioLaValse.ScoreDocument.csproj", "{D5DC8F27-FA52-4B7A-9114-A2AAEB297A84}"
EndProject
Project("{9A19103F-16F7-4668-BE54-9A1E7A4F7556}") = "StudioLaValse.ScoreDocument.MusicXml", "..\StudioLaValse.ScoreDocument\StudioLaValse.ScoreDocument.MusicXml\StudioLaValse.ScoreDocument.MusicXml.csproj", "{5008A874-8817-4DBC-BE22-5F726112BAF0}"
EndProject
Project("{9A19103F-16F7-4668-BE54-9A1E7A4F7556}") = "StudioLaValse.ScoreDocument.Drawable", "..\StudioLaValse.ScoreDocument\StudioLaValse.ScoreDocument.Drawable\StudioLaValse.ScoreDocument.Drawable.csproj", "{37F223D0-31AF-4DE2-A1E9-B883703C15DB}"
EndProject
Project("{9A19103F-16F7-4668-BE54-9A1E7A4F7556}") = "Sinfonia.Desktop", "Sinfonia.Desktop\Sinfonia.Desktop.csproj", "{2BB3C077-8DF0-4097-ADCB-8B55BB60156A}"
EndProject
Project("{9A19103F-16F7-4668-BE54-9A1E7A4F7556}") = "StudioLaValse.ScoreDocument.Models", "..\StudioLaValse.ScoreDocument\StudioLaValse.ScoreDocument.Models\StudioLaValse.ScoreDocument.Models.csproj", "{6FE923EE-E341-423D-A12B-CBD157811585}"
EndProject
Project("{9A19103F-16F7-4668-BE54-9A1E7A4F7556}") = "Sinfonia.Tests", "Sinfonia.Tests\Sinfonia.Tests.csproj", "{CEA55705-AAC4-4B91-AEC5-DFD860EF71F6}"
EndProject
Project("{9A19103F-16F7-4668-BE54-9A1E7A4F7556}") = "StudioLaValse.ScoreDocument.Implementation", "..\StudioLaValse.ScoreDocument\StudioLaValse.ScoreDocument.Implementation\StudioLaValse.ScoreDocument.Implementation.csproj", "{171F2A86-ECD1-45A0-95BB-BC49D236115D}"
EndProject
Project("{9A19103F-16F7-4668-BE54-9A1E7A4F7556}") = "StudioLaValse.Drawable.Interaction", "..\StudioLaValse.Drawable\StudioLaValse.Drawable.Interaction\StudioLaValse.Drawable.Interaction.csproj", "{EE292EA0-8693-4843-A96F-09E713AACDE0}"
EndProject
Project("{9A19103F-16F7-4668-BE54-9A1E7A4F7556}") = "StudioLaValse.Drawable.Avalonia", "..\StudioLaValse.Drawable\StudioLaValse.Drawable.Avalonia\StudioLaValse.Drawable.Avalonia.csproj", "{97CAEB9A-EB37-4965-BF7B-D690D7126885}"
EndProject
Project("{9A19103F-16F7-4668-BE54-9A1E7A4F7556}") = "StudioLaValse.Drawable", "..\StudioLaValse.Drawable\StudioLaValse.Drawable\StudioLaValse.Drawable.csproj", "{27003FF1-BD33-40D2-9E57-6F64E5FC329F}"
EndProject
Project("{9A19103F-16F7-4668-BE54-9A1E7A4F7556}") = "StudioLaValse.ScoreDocument.GlyphLibrary", "..\StudioLaValse.ScoreDocument\StudioLaValse.ScoreDocument.GlyphLibrary\StudioLaValse.ScoreDocument.GlyphLibrary.csproj", "{56D7CB78-6661-4D06-BC4C-FE1D04F92B28}"
EndProject
Global
	GlobalSection(SolutionConfigurationPlatforms) = preSolution
		Debug|Any CPU = Debug|Any CPU
		Debug|ARM64 = Debug|ARM64
		Debug|x64 = Debug|x64
		Debug|x86 = Debug|x86
		Release|Any CPU = Release|Any CPU
		Release|ARM64 = Release|ARM64
		Release|x64 = Release|x64
		Release|x86 = Release|x86
	EndGlobalSection
	GlobalSection(ProjectConfigurationPlatforms) = postSolution
		{70D12AFC-2C5B-409D-AFB4-CF2182482ADF}.Debug|Any CPU.ActiveCfg = Debug|Any CPU
		{70D12AFC-2C5B-409D-AFB4-CF2182482ADF}.Debug|Any CPU.Build.0 = Debug|Any CPU
		{70D12AFC-2C5B-409D-AFB4-CF2182482ADF}.Debug|ARM64.ActiveCfg = Debug|Any CPU
		{70D12AFC-2C5B-409D-AFB4-CF2182482ADF}.Debug|ARM64.Build.0 = Debug|Any CPU
		{70D12AFC-2C5B-409D-AFB4-CF2182482ADF}.Debug|x64.ActiveCfg = Debug|Any CPU
		{70D12AFC-2C5B-409D-AFB4-CF2182482ADF}.Debug|x64.Build.0 = Debug|Any CPU
		{70D12AFC-2C5B-409D-AFB4-CF2182482ADF}.Debug|x86.ActiveCfg = Debug|Any CPU
		{70D12AFC-2C5B-409D-AFB4-CF2182482ADF}.Debug|x86.Build.0 = Debug|Any CPU
		{70D12AFC-2C5B-409D-AFB4-CF2182482ADF}.Release|Any CPU.ActiveCfg = Release|Any CPU
		{70D12AFC-2C5B-409D-AFB4-CF2182482ADF}.Release|Any CPU.Build.0 = Release|Any CPU
		{70D12AFC-2C5B-409D-AFB4-CF2182482ADF}.Release|ARM64.ActiveCfg = Release|Any CPU
		{70D12AFC-2C5B-409D-AFB4-CF2182482ADF}.Release|ARM64.Build.0 = Release|Any CPU
		{70D12AFC-2C5B-409D-AFB4-CF2182482ADF}.Release|x64.ActiveCfg = Release|Any CPU
		{70D12AFC-2C5B-409D-AFB4-CF2182482ADF}.Release|x64.Build.0 = Release|Any CPU
		{70D12AFC-2C5B-409D-AFB4-CF2182482ADF}.Release|x86.ActiveCfg = Release|Any CPU
		{70D12AFC-2C5B-409D-AFB4-CF2182482ADF}.Release|x86.Build.0 = Release|Any CPU
		{EF5377AD-AE0E-4244-B5F6-6A8757ADD96A}.Debug|Any CPU.ActiveCfg = Debug|Any CPU
		{EF5377AD-AE0E-4244-B5F6-6A8757ADD96A}.Debug|Any CPU.Build.0 = Debug|Any CPU
		{EF5377AD-AE0E-4244-B5F6-6A8757ADD96A}.Debug|ARM64.ActiveCfg = Debug|Any CPU
		{EF5377AD-AE0E-4244-B5F6-6A8757ADD96A}.Debug|ARM64.Build.0 = Debug|Any CPU
		{EF5377AD-AE0E-4244-B5F6-6A8757ADD96A}.Debug|x64.ActiveCfg = Debug|Any CPU
		{EF5377AD-AE0E-4244-B5F6-6A8757ADD96A}.Debug|x64.Build.0 = Debug|Any CPU
		{EF5377AD-AE0E-4244-B5F6-6A8757ADD96A}.Debug|x86.ActiveCfg = Debug|Any CPU
		{EF5377AD-AE0E-4244-B5F6-6A8757ADD96A}.Debug|x86.Build.0 = Debug|Any CPU
		{EF5377AD-AE0E-4244-B5F6-6A8757ADD96A}.Release|Any CPU.ActiveCfg = Release|Any CPU
		{EF5377AD-AE0E-4244-B5F6-6A8757ADD96A}.Release|Any CPU.Build.0 = Release|Any CPU
		{EF5377AD-AE0E-4244-B5F6-6A8757ADD96A}.Release|ARM64.ActiveCfg = Release|Any CPU
		{EF5377AD-AE0E-4244-B5F6-6A8757ADD96A}.Release|ARM64.Build.0 = Release|Any CPU
		{EF5377AD-AE0E-4244-B5F6-6A8757ADD96A}.Release|x64.ActiveCfg = Release|Any CPU
		{EF5377AD-AE0E-4244-B5F6-6A8757ADD96A}.Release|x64.Build.0 = Release|Any CPU
		{EF5377AD-AE0E-4244-B5F6-6A8757ADD96A}.Release|x86.ActiveCfg = Release|Any CPU
		{EF5377AD-AE0E-4244-B5F6-6A8757ADD96A}.Release|x86.Build.0 = Release|Any CPU
		{C8E089E4-0733-4BE6-A875-F4DAE72298DD}.Debug|Any CPU.ActiveCfg = Debug|Any CPU
		{C8E089E4-0733-4BE6-A875-F4DAE72298DD}.Debug|Any CPU.Build.0 = Debug|Any CPU
		{C8E089E4-0733-4BE6-A875-F4DAE72298DD}.Debug|ARM64.ActiveCfg = Debug|Any CPU
		{C8E089E4-0733-4BE6-A875-F4DAE72298DD}.Debug|ARM64.Build.0 = Debug|Any CPU
		{C8E089E4-0733-4BE6-A875-F4DAE72298DD}.Debug|x64.ActiveCfg = Debug|Any CPU
		{C8E089E4-0733-4BE6-A875-F4DAE72298DD}.Debug|x64.Build.0 = Debug|Any CPU
		{C8E089E4-0733-4BE6-A875-F4DAE72298DD}.Debug|x86.ActiveCfg = Debug|Any CPU
		{C8E089E4-0733-4BE6-A875-F4DAE72298DD}.Debug|x86.Build.0 = Debug|Any CPU
		{C8E089E4-0733-4BE6-A875-F4DAE72298DD}.Release|Any CPU.ActiveCfg = Release|Any CPU
		{C8E089E4-0733-4BE6-A875-F4DAE72298DD}.Release|Any CPU.Build.0 = Release|Any CPU
		{C8E089E4-0733-4BE6-A875-F4DAE72298DD}.Release|ARM64.ActiveCfg = Release|Any CPU
		{C8E089E4-0733-4BE6-A875-F4DAE72298DD}.Release|ARM64.Build.0 = Release|Any CPU
		{C8E089E4-0733-4BE6-A875-F4DAE72298DD}.Release|x64.ActiveCfg = Release|Any CPU
		{C8E089E4-0733-4BE6-A875-F4DAE72298DD}.Release|x64.Build.0 = Release|Any CPU
		{C8E089E4-0733-4BE6-A875-F4DAE72298DD}.Release|x86.ActiveCfg = Release|Any CPU
		{C8E089E4-0733-4BE6-A875-F4DAE72298DD}.Release|x86.Build.0 = Release|Any CPU
		{814D374B-2128-48EA-89DA-670492D8C439}.Debug|Any CPU.ActiveCfg = Debug|Any CPU
		{814D374B-2128-48EA-89DA-670492D8C439}.Debug|Any CPU.Build.0 = Debug|Any CPU
		{814D374B-2128-48EA-89DA-670492D8C439}.Debug|ARM64.ActiveCfg = Debug|Any CPU
		{814D374B-2128-48EA-89DA-670492D8C439}.Debug|ARM64.Build.0 = Debug|Any CPU
		{814D374B-2128-48EA-89DA-670492D8C439}.Debug|x64.ActiveCfg = Debug|Any CPU
		{814D374B-2128-48EA-89DA-670492D8C439}.Debug|x64.Build.0 = Debug|Any CPU
		{814D374B-2128-48EA-89DA-670492D8C439}.Debug|x86.ActiveCfg = Debug|Any CPU
		{814D374B-2128-48EA-89DA-670492D8C439}.Debug|x86.Build.0 = Debug|Any CPU
		{814D374B-2128-48EA-89DA-670492D8C439}.Release|Any CPU.ActiveCfg = Release|Any CPU
		{814D374B-2128-48EA-89DA-670492D8C439}.Release|Any CPU.Build.0 = Release|Any CPU
		{814D374B-2128-48EA-89DA-670492D8C439}.Release|ARM64.ActiveCfg = Release|Any CPU
		{814D374B-2128-48EA-89DA-670492D8C439}.Release|ARM64.Build.0 = Release|Any CPU
		{814D374B-2128-48EA-89DA-670492D8C439}.Release|x64.ActiveCfg = Release|Any CPU
		{814D374B-2128-48EA-89DA-670492D8C439}.Release|x64.Build.0 = Release|Any CPU
		{814D374B-2128-48EA-89DA-670492D8C439}.Release|x86.ActiveCfg = Release|Any CPU
		{814D374B-2128-48EA-89DA-670492D8C439}.Release|x86.Build.0 = Release|Any CPU
		{0D287C92-7DB0-4257-B491-0FC04F51CBD3}.Debug|Any CPU.ActiveCfg = Debug|Any CPU
		{0D287C92-7DB0-4257-B491-0FC04F51CBD3}.Debug|Any CPU.Build.0 = Debug|Any CPU
		{0D287C92-7DB0-4257-B491-0FC04F51CBD3}.Debug|ARM64.ActiveCfg = Debug|Any CPU
		{0D287C92-7DB0-4257-B491-0FC04F51CBD3}.Debug|ARM64.Build.0 = Debug|Any CPU
		{0D287C92-7DB0-4257-B491-0FC04F51CBD3}.Debug|x64.ActiveCfg = Debug|Any CPU
		{0D287C92-7DB0-4257-B491-0FC04F51CBD3}.Debug|x64.Build.0 = Debug|Any CPU
		{0D287C92-7DB0-4257-B491-0FC04F51CBD3}.Debug|x86.ActiveCfg = Debug|Any CPU
		{0D287C92-7DB0-4257-B491-0FC04F51CBD3}.Debug|x86.Build.0 = Debug|Any CPU
		{0D287C92-7DB0-4257-B491-0FC04F51CBD3}.Release|Any CPU.ActiveCfg = Release|Any CPU
		{0D287C92-7DB0-4257-B491-0FC04F51CBD3}.Release|Any CPU.Build.0 = Release|Any CPU
		{0D287C92-7DB0-4257-B491-0FC04F51CBD3}.Release|ARM64.ActiveCfg = Release|Any CPU
		{0D287C92-7DB0-4257-B491-0FC04F51CBD3}.Release|ARM64.Build.0 = Release|Any CPU
		{0D287C92-7DB0-4257-B491-0FC04F51CBD3}.Release|x64.ActiveCfg = Release|Any CPU
		{0D287C92-7DB0-4257-B491-0FC04F51CBD3}.Release|x64.Build.0 = Release|Any CPU
		{0D287C92-7DB0-4257-B491-0FC04F51CBD3}.Release|x86.ActiveCfg = Release|Any CPU
		{0D287C92-7DB0-4257-B491-0FC04F51CBD3}.Release|x86.Build.0 = Release|Any CPU
		{D5DC8F27-FA52-4B7A-9114-A2AAEB297A84}.Debug|Any CPU.ActiveCfg = Debug|Any CPU
		{D5DC8F27-FA52-4B7A-9114-A2AAEB297A84}.Debug|Any CPU.Build.0 = Debug|Any CPU
		{D5DC8F27-FA52-4B7A-9114-A2AAEB297A84}.Debug|ARM64.ActiveCfg = Debug|Any CPU
		{D5DC8F27-FA52-4B7A-9114-A2AAEB297A84}.Debug|ARM64.Build.0 = Debug|Any CPU
		{D5DC8F27-FA52-4B7A-9114-A2AAEB297A84}.Debug|x64.ActiveCfg = Debug|Any CPU
		{D5DC8F27-FA52-4B7A-9114-A2AAEB297A84}.Debug|x64.Build.0 = Debug|Any CPU
		{D5DC8F27-FA52-4B7A-9114-A2AAEB297A84}.Debug|x86.ActiveCfg = Debug|Any CPU
		{D5DC8F27-FA52-4B7A-9114-A2AAEB297A84}.Debug|x86.Build.0 = Debug|Any CPU
		{D5DC8F27-FA52-4B7A-9114-A2AAEB297A84}.Release|Any CPU.ActiveCfg = Release|Any CPU
		{D5DC8F27-FA52-4B7A-9114-A2AAEB297A84}.Release|Any CPU.Build.0 = Release|Any CPU
		{D5DC8F27-FA52-4B7A-9114-A2AAEB297A84}.Release|ARM64.ActiveCfg = Release|Any CPU
		{D5DC8F27-FA52-4B7A-9114-A2AAEB297A84}.Release|ARM64.Build.0 = Release|Any CPU
		{D5DC8F27-FA52-4B7A-9114-A2AAEB297A84}.Release|x64.ActiveCfg = Release|Any CPU
		{D5DC8F27-FA52-4B7A-9114-A2AAEB297A84}.Release|x64.Build.0 = Release|Any CPU
		{D5DC8F27-FA52-4B7A-9114-A2AAEB297A84}.Release|x86.ActiveCfg = Release|Any CPU
		{D5DC8F27-FA52-4B7A-9114-A2AAEB297A84}.Release|x86.Build.0 = Release|Any CPU
		{5008A874-8817-4DBC-BE22-5F726112BAF0}.Debug|Any CPU.ActiveCfg = Debug|Any CPU
		{5008A874-8817-4DBC-BE22-5F726112BAF0}.Debug|Any CPU.Build.0 = Debug|Any CPU
		{5008A874-8817-4DBC-BE22-5F726112BAF0}.Debug|ARM64.ActiveCfg = Debug|Any CPU
		{5008A874-8817-4DBC-BE22-5F726112BAF0}.Debug|ARM64.Build.0 = Debug|Any CPU
		{5008A874-8817-4DBC-BE22-5F726112BAF0}.Debug|x64.ActiveCfg = Debug|Any CPU
		{5008A874-8817-4DBC-BE22-5F726112BAF0}.Debug|x64.Build.0 = Debug|Any CPU
		{5008A874-8817-4DBC-BE22-5F726112BAF0}.Debug|x86.ActiveCfg = Debug|Any CPU
		{5008A874-8817-4DBC-BE22-5F726112BAF0}.Debug|x86.Build.0 = Debug|Any CPU
		{5008A874-8817-4DBC-BE22-5F726112BAF0}.Release|Any CPU.ActiveCfg = Release|Any CPU
		{5008A874-8817-4DBC-BE22-5F726112BAF0}.Release|Any CPU.Build.0 = Release|Any CPU
		{5008A874-8817-4DBC-BE22-5F726112BAF0}.Release|ARM64.ActiveCfg = Release|Any CPU
		{5008A874-8817-4DBC-BE22-5F726112BAF0}.Release|ARM64.Build.0 = Release|Any CPU
		{5008A874-8817-4DBC-BE22-5F726112BAF0}.Release|x64.ActiveCfg = Release|Any CPU
		{5008A874-8817-4DBC-BE22-5F726112BAF0}.Release|x64.Build.0 = Release|Any CPU
		{5008A874-8817-4DBC-BE22-5F726112BAF0}.Release|x86.ActiveCfg = Release|Any CPU
		{5008A874-8817-4DBC-BE22-5F726112BAF0}.Release|x86.Build.0 = Release|Any CPU
		{37F223D0-31AF-4DE2-A1E9-B883703C15DB}.Debug|Any CPU.ActiveCfg = Debug|Any CPU
		{37F223D0-31AF-4DE2-A1E9-B883703C15DB}.Debug|Any CPU.Build.0 = Debug|Any CPU
		{37F223D0-31AF-4DE2-A1E9-B883703C15DB}.Debug|ARM64.ActiveCfg = Debug|Any CPU
		{37F223D0-31AF-4DE2-A1E9-B883703C15DB}.Debug|ARM64.Build.0 = Debug|Any CPU
		{37F223D0-31AF-4DE2-A1E9-B883703C15DB}.Debug|x64.ActiveCfg = Debug|Any CPU
		{37F223D0-31AF-4DE2-A1E9-B883703C15DB}.Debug|x64.Build.0 = Debug|Any CPU
		{37F223D0-31AF-4DE2-A1E9-B883703C15DB}.Debug|x86.ActiveCfg = Debug|Any CPU
		{37F223D0-31AF-4DE2-A1E9-B883703C15DB}.Debug|x86.Build.0 = Debug|Any CPU
		{37F223D0-31AF-4DE2-A1E9-B883703C15DB}.Release|Any CPU.ActiveCfg = Release|Any CPU
		{37F223D0-31AF-4DE2-A1E9-B883703C15DB}.Release|Any CPU.Build.0 = Release|Any CPU
		{37F223D0-31AF-4DE2-A1E9-B883703C15DB}.Release|ARM64.ActiveCfg = Release|Any CPU
		{37F223D0-31AF-4DE2-A1E9-B883703C15DB}.Release|ARM64.Build.0 = Release|Any CPU
		{37F223D0-31AF-4DE2-A1E9-B883703C15DB}.Release|x64.ActiveCfg = Release|Any CPU
		{37F223D0-31AF-4DE2-A1E9-B883703C15DB}.Release|x64.Build.0 = Release|Any CPU
		{37F223D0-31AF-4DE2-A1E9-B883703C15DB}.Release|x86.ActiveCfg = Release|Any CPU
		{37F223D0-31AF-4DE2-A1E9-B883703C15DB}.Release|x86.Build.0 = Release|Any CPU
		{2BB3C077-8DF0-4097-ADCB-8B55BB60156A}.Debug|Any CPU.ActiveCfg = Debug|Any CPU
		{2BB3C077-8DF0-4097-ADCB-8B55BB60156A}.Debug|Any CPU.Build.0 = Debug|Any CPU
		{2BB3C077-8DF0-4097-ADCB-8B55BB60156A}.Debug|ARM64.ActiveCfg = Debug|Any CPU
		{2BB3C077-8DF0-4097-ADCB-8B55BB60156A}.Debug|ARM64.Build.0 = Debug|Any CPU
		{2BB3C077-8DF0-4097-ADCB-8B55BB60156A}.Debug|x64.ActiveCfg = Debug|Any CPU
		{2BB3C077-8DF0-4097-ADCB-8B55BB60156A}.Debug|x64.Build.0 = Debug|Any CPU
		{2BB3C077-8DF0-4097-ADCB-8B55BB60156A}.Debug|x86.ActiveCfg = Debug|Any CPU
		{2BB3C077-8DF0-4097-ADCB-8B55BB60156A}.Debug|x86.Build.0 = Debug|Any CPU
		{2BB3C077-8DF0-4097-ADCB-8B55BB60156A}.Release|Any CPU.ActiveCfg = Release|Any CPU
		{2BB3C077-8DF0-4097-ADCB-8B55BB60156A}.Release|Any CPU.Build.0 = Release|Any CPU
		{2BB3C077-8DF0-4097-ADCB-8B55BB60156A}.Release|ARM64.ActiveCfg = Release|Any CPU
		{2BB3C077-8DF0-4097-ADCB-8B55BB60156A}.Release|ARM64.Build.0 = Release|Any CPU
		{2BB3C077-8DF0-4097-ADCB-8B55BB60156A}.Release|x64.ActiveCfg = Release|Any CPU
		{2BB3C077-8DF0-4097-ADCB-8B55BB60156A}.Release|x64.Build.0 = Release|Any CPU
		{2BB3C077-8DF0-4097-ADCB-8B55BB60156A}.Release|x86.ActiveCfg = Release|Any CPU
		{2BB3C077-8DF0-4097-ADCB-8B55BB60156A}.Release|x86.Build.0 = Release|Any CPU
		{6FE923EE-E341-423D-A12B-CBD157811585}.Debug|Any CPU.ActiveCfg = Debug|Any CPU
		{6FE923EE-E341-423D-A12B-CBD157811585}.Debug|Any CPU.Build.0 = Debug|Any CPU
		{6FE923EE-E341-423D-A12B-CBD157811585}.Debug|ARM64.ActiveCfg = Debug|Any CPU
		{6FE923EE-E341-423D-A12B-CBD157811585}.Debug|ARM64.Build.0 = Debug|Any CPU
		{6FE923EE-E341-423D-A12B-CBD157811585}.Debug|x64.ActiveCfg = Debug|Any CPU
		{6FE923EE-E341-423D-A12B-CBD157811585}.Debug|x64.Build.0 = Debug|Any CPU
		{6FE923EE-E341-423D-A12B-CBD157811585}.Debug|x86.ActiveCfg = Debug|Any CPU
		{6FE923EE-E341-423D-A12B-CBD157811585}.Debug|x86.Build.0 = Debug|Any CPU
		{6FE923EE-E341-423D-A12B-CBD157811585}.Release|Any CPU.ActiveCfg = Release|Any CPU
		{6FE923EE-E341-423D-A12B-CBD157811585}.Release|Any CPU.Build.0 = Release|Any CPU
		{6FE923EE-E341-423D-A12B-CBD157811585}.Release|ARM64.ActiveCfg = Release|Any CPU
		{6FE923EE-E341-423D-A12B-CBD157811585}.Release|ARM64.Build.0 = Release|Any CPU
		{6FE923EE-E341-423D-A12B-CBD157811585}.Release|x64.ActiveCfg = Release|Any CPU
		{6FE923EE-E341-423D-A12B-CBD157811585}.Release|x64.Build.0 = Release|Any CPU
		{6FE923EE-E341-423D-A12B-CBD157811585}.Release|x86.ActiveCfg = Release|Any CPU
		{6FE923EE-E341-423D-A12B-CBD157811585}.Release|x86.Build.0 = Release|Any CPU
		{CEA55705-AAC4-4B91-AEC5-DFD860EF71F6}.Debug|Any CPU.ActiveCfg = Debug|Any CPU
		{CEA55705-AAC4-4B91-AEC5-DFD860EF71F6}.Debug|Any CPU.Build.0 = Debug|Any CPU
		{CEA55705-AAC4-4B91-AEC5-DFD860EF71F6}.Debug|ARM64.ActiveCfg = Debug|Any CPU
		{CEA55705-AAC4-4B91-AEC5-DFD860EF71F6}.Debug|ARM64.Build.0 = Debug|Any CPU
		{CEA55705-AAC4-4B91-AEC5-DFD860EF71F6}.Debug|x64.ActiveCfg = Debug|Any CPU
		{CEA55705-AAC4-4B91-AEC5-DFD860EF71F6}.Debug|x64.Build.0 = Debug|Any CPU
		{CEA55705-AAC4-4B91-AEC5-DFD860EF71F6}.Debug|x86.ActiveCfg = Debug|Any CPU
		{CEA55705-AAC4-4B91-AEC5-DFD860EF71F6}.Debug|x86.Build.0 = Debug|Any CPU
		{CEA55705-AAC4-4B91-AEC5-DFD860EF71F6}.Release|Any CPU.ActiveCfg = Release|Any CPU
		{CEA55705-AAC4-4B91-AEC5-DFD860EF71F6}.Release|Any CPU.Build.0 = Release|Any CPU
		{CEA55705-AAC4-4B91-AEC5-DFD860EF71F6}.Release|ARM64.ActiveCfg = Release|Any CPU
		{CEA55705-AAC4-4B91-AEC5-DFD860EF71F6}.Release|ARM64.Build.0 = Release|Any CPU
		{CEA55705-AAC4-4B91-AEC5-DFD860EF71F6}.Release|x64.ActiveCfg = Release|Any CPU
		{CEA55705-AAC4-4B91-AEC5-DFD860EF71F6}.Release|x64.Build.0 = Release|Any CPU
		{CEA55705-AAC4-4B91-AEC5-DFD860EF71F6}.Release|x86.ActiveCfg = Release|Any CPU
		{CEA55705-AAC4-4B91-AEC5-DFD860EF71F6}.Release|x86.Build.0 = Release|Any CPU
		{171F2A86-ECD1-45A0-95BB-BC49D236115D}.Debug|Any CPU.ActiveCfg = Debug|Any CPU
		{171F2A86-ECD1-45A0-95BB-BC49D236115D}.Debug|Any CPU.Build.0 = Debug|Any CPU
		{171F2A86-ECD1-45A0-95BB-BC49D236115D}.Debug|ARM64.ActiveCfg = Debug|Any CPU
		{171F2A86-ECD1-45A0-95BB-BC49D236115D}.Debug|ARM64.Build.0 = Debug|Any CPU
		{171F2A86-ECD1-45A0-95BB-BC49D236115D}.Debug|x64.ActiveCfg = Debug|Any CPU
		{171F2A86-ECD1-45A0-95BB-BC49D236115D}.Debug|x64.Build.0 = Debug|Any CPU
		{171F2A86-ECD1-45A0-95BB-BC49D236115D}.Debug|x86.ActiveCfg = Debug|Any CPU
		{171F2A86-ECD1-45A0-95BB-BC49D236115D}.Debug|x86.Build.0 = Debug|Any CPU
		{171F2A86-ECD1-45A0-95BB-BC49D236115D}.Release|Any CPU.ActiveCfg = Release|Any CPU
		{171F2A86-ECD1-45A0-95BB-BC49D236115D}.Release|Any CPU.Build.0 = Release|Any CPU
		{171F2A86-ECD1-45A0-95BB-BC49D236115D}.Release|ARM64.ActiveCfg = Release|Any CPU
		{171F2A86-ECD1-45A0-95BB-BC49D236115D}.Release|ARM64.Build.0 = Release|Any CPU
		{171F2A86-ECD1-45A0-95BB-BC49D236115D}.Release|x64.ActiveCfg = Release|Any CPU
		{171F2A86-ECD1-45A0-95BB-BC49D236115D}.Release|x64.Build.0 = Release|Any CPU
		{171F2A86-ECD1-45A0-95BB-BC49D236115D}.Release|x86.ActiveCfg = Release|Any CPU
		{171F2A86-ECD1-45A0-95BB-BC49D236115D}.Release|x86.Build.0 = Release|Any CPU
		{EE292EA0-8693-4843-A96F-09E713AACDE0}.Debug|Any CPU.ActiveCfg = Debug|Any CPU
		{EE292EA0-8693-4843-A96F-09E713AACDE0}.Debug|Any CPU.Build.0 = Debug|Any CPU
		{EE292EA0-8693-4843-A96F-09E713AACDE0}.Debug|ARM64.ActiveCfg = Debug|Any CPU
		{EE292EA0-8693-4843-A96F-09E713AACDE0}.Debug|ARM64.Build.0 = Debug|Any CPU
		{EE292EA0-8693-4843-A96F-09E713AACDE0}.Debug|x64.ActiveCfg = Debug|Any CPU
		{EE292EA0-8693-4843-A96F-09E713AACDE0}.Debug|x64.Build.0 = Debug|Any CPU
		{EE292EA0-8693-4843-A96F-09E713AACDE0}.Debug|x86.ActiveCfg = Debug|Any CPU
		{EE292EA0-8693-4843-A96F-09E713AACDE0}.Debug|x86.Build.0 = Debug|Any CPU
		{EE292EA0-8693-4843-A96F-09E713AACDE0}.Release|Any CPU.ActiveCfg = Release|Any CPU
		{EE292EA0-8693-4843-A96F-09E713AACDE0}.Release|Any CPU.Build.0 = Release|Any CPU
		{EE292EA0-8693-4843-A96F-09E713AACDE0}.Release|ARM64.ActiveCfg = Release|Any CPU
		{EE292EA0-8693-4843-A96F-09E713AACDE0}.Release|ARM64.Build.0 = Release|Any CPU
		{EE292EA0-8693-4843-A96F-09E713AACDE0}.Release|x64.ActiveCfg = Release|Any CPU
		{EE292EA0-8693-4843-A96F-09E713AACDE0}.Release|x64.Build.0 = Release|Any CPU
		{EE292EA0-8693-4843-A96F-09E713AACDE0}.Release|x86.ActiveCfg = Release|Any CPU
		{EE292EA0-8693-4843-A96F-09E713AACDE0}.Release|x86.Build.0 = Release|Any CPU
		{97CAEB9A-EB37-4965-BF7B-D690D7126885}.Debug|Any CPU.ActiveCfg = Debug|Any CPU
		{97CAEB9A-EB37-4965-BF7B-D690D7126885}.Debug|Any CPU.Build.0 = Debug|Any CPU
		{97CAEB9A-EB37-4965-BF7B-D690D7126885}.Debug|ARM64.ActiveCfg = Debug|Any CPU
		{97CAEB9A-EB37-4965-BF7B-D690D7126885}.Debug|ARM64.Build.0 = Debug|Any CPU
		{97CAEB9A-EB37-4965-BF7B-D690D7126885}.Debug|x64.ActiveCfg = Debug|Any CPU
		{97CAEB9A-EB37-4965-BF7B-D690D7126885}.Debug|x64.Build.0 = Debug|Any CPU
		{97CAEB9A-EB37-4965-BF7B-D690D7126885}.Debug|x86.ActiveCfg = Debug|Any CPU
		{97CAEB9A-EB37-4965-BF7B-D690D7126885}.Debug|x86.Build.0 = Debug|Any CPU
		{97CAEB9A-EB37-4965-BF7B-D690D7126885}.Release|Any CPU.ActiveCfg = Release|Any CPU
		{97CAEB9A-EB37-4965-BF7B-D690D7126885}.Release|Any CPU.Build.0 = Release|Any CPU
		{97CAEB9A-EB37-4965-BF7B-D690D7126885}.Release|ARM64.ActiveCfg = Release|Any CPU
		{97CAEB9A-EB37-4965-BF7B-D690D7126885}.Release|ARM64.Build.0 = Release|Any CPU
		{97CAEB9A-EB37-4965-BF7B-D690D7126885}.Release|x64.ActiveCfg = Release|Any CPU
		{97CAEB9A-EB37-4965-BF7B-D690D7126885}.Release|x64.Build.0 = Release|Any CPU
		{97CAEB9A-EB37-4965-BF7B-D690D7126885}.Release|x86.ActiveCfg = Release|Any CPU
		{97CAEB9A-EB37-4965-BF7B-D690D7126885}.Release|x86.Build.0 = Release|Any CPU
		{27003FF1-BD33-40D2-9E57-6F64E5FC329F}.Debug|Any CPU.ActiveCfg = Debug|Any CPU
		{27003FF1-BD33-40D2-9E57-6F64E5FC329F}.Debug|Any CPU.Build.0 = Debug|Any CPU
		{27003FF1-BD33-40D2-9E57-6F64E5FC329F}.Debug|ARM64.ActiveCfg = Debug|Any CPU
		{27003FF1-BD33-40D2-9E57-6F64E5FC329F}.Debug|ARM64.Build.0 = Debug|Any CPU
		{27003FF1-BD33-40D2-9E57-6F64E5FC329F}.Debug|x64.ActiveCfg = Debug|Any CPU
		{27003FF1-BD33-40D2-9E57-6F64E5FC329F}.Debug|x64.Build.0 = Debug|Any CPU
		{27003FF1-BD33-40D2-9E57-6F64E5FC329F}.Debug|x86.ActiveCfg = Debug|Any CPU
		{27003FF1-BD33-40D2-9E57-6F64E5FC329F}.Debug|x86.Build.0 = Debug|Any CPU
		{27003FF1-BD33-40D2-9E57-6F64E5FC329F}.Release|Any CPU.ActiveCfg = Release|Any CPU
		{27003FF1-BD33-40D2-9E57-6F64E5FC329F}.Release|Any CPU.Build.0 = Release|Any CPU
		{27003FF1-BD33-40D2-9E57-6F64E5FC329F}.Release|ARM64.ActiveCfg = Release|Any CPU
		{27003FF1-BD33-40D2-9E57-6F64E5FC329F}.Release|ARM64.Build.0 = Release|Any CPU
		{27003FF1-BD33-40D2-9E57-6F64E5FC329F}.Release|x64.ActiveCfg = Release|Any CPU
		{27003FF1-BD33-40D2-9E57-6F64E5FC329F}.Release|x64.Build.0 = Release|Any CPU
		{27003FF1-BD33-40D2-9E57-6F64E5FC329F}.Release|x86.ActiveCfg = Release|Any CPU
		{27003FF1-BD33-40D2-9E57-6F64E5FC329F}.Release|x86.Build.0 = Release|Any CPU
		{56D7CB78-6661-4D06-BC4C-FE1D04F92B28}.Debug|Any CPU.ActiveCfg = Debug|Any CPU
		{56D7CB78-6661-4D06-BC4C-FE1D04F92B28}.Debug|Any CPU.Build.0 = Debug|Any CPU
		{56D7CB78-6661-4D06-BC4C-FE1D04F92B28}.Debug|ARM64.ActiveCfg = Debug|Any CPU
		{56D7CB78-6661-4D06-BC4C-FE1D04F92B28}.Debug|ARM64.Build.0 = Debug|Any CPU
		{56D7CB78-6661-4D06-BC4C-FE1D04F92B28}.Debug|x64.ActiveCfg = Debug|Any CPU
		{56D7CB78-6661-4D06-BC4C-FE1D04F92B28}.Debug|x64.Build.0 = Debug|Any CPU
		{56D7CB78-6661-4D06-BC4C-FE1D04F92B28}.Debug|x86.ActiveCfg = Debug|Any CPU
		{56D7CB78-6661-4D06-BC4C-FE1D04F92B28}.Debug|x86.Build.0 = Debug|Any CPU
		{56D7CB78-6661-4D06-BC4C-FE1D04F92B28}.Release|Any CPU.ActiveCfg = Release|Any CPU
		{56D7CB78-6661-4D06-BC4C-FE1D04F92B28}.Release|Any CPU.Build.0 = Release|Any CPU
		{56D7CB78-6661-4D06-BC4C-FE1D04F92B28}.Release|ARM64.ActiveCfg = Release|Any CPU
		{56D7CB78-6661-4D06-BC4C-FE1D04F92B28}.Release|ARM64.Build.0 = Release|Any CPU
		{56D7CB78-6661-4D06-BC4C-FE1D04F92B28}.Release|x64.ActiveCfg = Release|Any CPU
		{56D7CB78-6661-4D06-BC4C-FE1D04F92B28}.Release|x64.Build.0 = Release|Any CPU
		{56D7CB78-6661-4D06-BC4C-FE1D04F92B28}.Release|x86.ActiveCfg = Release|Any CPU
		{56D7CB78-6661-4D06-BC4C-FE1D04F92B28}.Release|x86.Build.0 = Release|Any CPU
	EndGlobalSection
	GlobalSection(SolutionProperties) = preSolution
		HideSolutionNode = FALSE
	EndGlobalSection
	GlobalSection(ExtensibilityGlobals) = postSolution
		SolutionGuid = {53CAA364-AACB-4DA7-A610-6DE5BC44E6A7}
	EndGlobalSection
EndGlobal
